%{
  "ace": {:hex, :ace, "0.16.0", "965af3bd408c6835c3eb865eeb4b1ec322ed13f29ea30bf42e1883d9ccec213a", [:mix], [{:hpack, "~> 0.2.3", [hex: :hpack_erl, repo: "hexpm", optional: false]}, {:raxx, "~> 0.15.0", [hex: :raxx, repo: "hexpm", optional: false]}], "hexpm"},
  "cookie": {:hex, :cookie, "0.1.0", "4321c09d47db89c095cdee82afa44a6ccabf2755f2257d07a617d89f9d52715e", [:mix], [], "hexpm"},
  "evil_left_pad": {:hex, :evil_left_pad, "0.2.0", "3c196e7ce2e7efc5fa99cd9f779fbfedcfcd5d8dc2ee34ff0ad3694ab5d43d72", [:mix], [], "hexpm"},
  "file_system": {:hex, :file_system, "0.2.4", "f0bdda195c0e46e987333e986452ec523aed21d784189144f647c43eaf307064", [:mix], [], "hexpm"},
  "hoplon": {:hex, :hoplon, "0.3.2", "33b7c8fc1b7590100e406e922b080d8ed3c11fe17a660307e8978011a8a7917c", [:mix], [], "hexpm"},
  "hpack": {:hex, :hpack_erl, "0.2.3", "17670f83ff984ae6cd74b1c456edde906d27ff013740ee4d9efaa4f1bf999633", [:rebar3], [], "hexpm"},
  "mix_test_watch": {:hex, :mix_test_watch, "0.6.0", "5e206ed04860555a455de2983937efd3ce79f42bd8536fc6b900cc286f5bb830", [:mix], [{:file_system, "~> 0.2.1 or ~> 0.3", [hex: :file_system, repo: "hexpm", optional: false]}], "hexpm"},
  "raxx": {:hex, :raxx, "0.15.0", "b0dacd17b4295c11b534b1f4916eb34578b5d2bc37aaff6f91a4fb644a668d86", [:mix], [{:cookie, "~> 0.1.0", [hex: :cookie, repo: "hexpm", optional: false]}, {:uuid, "~> 1.1", [hex: :uuid, repo: "hexpm", optional: false]}], "hexpm"},
  "uuid": {:hex, :uuid, "1.1.8", "e22fc04499de0de3ed1116b770c7737779f226ceefa0badb3592e64d5cfb4eb9", [:mix], [], "hexpm"},
}
